// !$*UTF8*$!
{
	archiveVersion = 1;
	classes = {
	};
	objectVersion = 51;
	objects = {

/* Begin PBXBuildFile section */
		742F040526EF894C00E8CC27 /* CatHeadView.swift in Sources */ = {isa = PBXBuildFile; fileRef = 742F040426EF894C00E8CC27 /* CatHeadView.swift */; };
		742F040726F0AE6900E8CC27 /* RealmManager.swift in Sources */ = {isa = PBXBuildFile; fileRef = 742F040626F0AE6900E8CC27 /* RealmManager.swift */; };
		742F040926F122B200E8CC27 /* CatAPI.swift in Sources */ = {isa = PBXBuildFile; fileRef = 742F040826F122B200E8CC27 /* CatAPI.swift */; };
		742F040D26F132B100E8CC27 /* kitty.png in Resources */ = {isa = PBXBuildFile; fileRef = 742F040C26F132B100E8CC27 /* kitty.png */; };
		7455617126E7B7B700D28ED3 /* AppDelegate.swift in Sources */ = {isa = PBXBuildFile; fileRef = 7455617026E7B7B700D28ED3 /* AppDelegate.swift */; };
		7455617326E7B7B700D28ED3 /* SceneDelegate.swift in Sources */ = {isa = PBXBuildFile; fileRef = 7455617226E7B7B700D28ED3 /* SceneDelegate.swift */; };
		7455617826E7B7B700D28ED3 /* Main.storyboard in Resources */ = {isa = PBXBuildFile; fileRef = 7455617626E7B7B700D28ED3 /* Main.storyboard */; };
		7455617A26E7B7B700D28ED3 /* Assets.xcassets in Resources */ = {isa = PBXBuildFile; fileRef = 7455617926E7B7B700D28ED3 /* Assets.xcassets */; };
		7455617D26E7B7B700D28ED3 /* LaunchScreen.storyboard in Resources */ = {isa = PBXBuildFile; fileRef = 7455617B26E7B7B700D28ED3 /* LaunchScreen.storyboard */; };
		7455618826E7B7B700D28ED3 /* CatsSaverTests.swift in Sources */ = {isa = PBXBuildFile; fileRef = 7455618726E7B7B700D28ED3 /* CatsSaverTests.swift */; };
		7455619326E7B7B700D28ED3 /* CatsSaverUITests.swift in Sources */ = {isa = PBXBuildFile; fileRef = 7455619226E7B7B700D28ED3 /* CatsSaverUITests.swift */; };
		745561AC26E8C2C400D28ED3 /* NetworkManager.swift in Sources */ = {isa = PBXBuildFile; fileRef = 745561AB26E8C2C400D28ED3 /* NetworkManager.swift */; };
		745561AE26E8C47700D28ED3 /* ParserJSON.swift in Sources */ = {isa = PBXBuildFile; fileRef = 745561AD26E8C47700D28ED3 /* ParserJSON.swift */; };
		745561B026E8D26700D28ED3 /* HomeViewModel.swift in Sources */ = {isa = PBXBuildFile; fileRef = 745561AF26E8D26700D28ED3 /* HomeViewModel.swift */; };
		745561B326E8E9BF00D28ED3 /* CatPreviewCell.swift in Sources */ = {isa = PBXBuildFile; fileRef = 745561B126E8E9BF00D28ED3 /* CatPreviewCell.swift */; };
		745561B726E8EC3400D28ED3 /* HomeViewController.swift in Sources */ = {isa = PBXBuildFile; fileRef = 745561B626E8EC3400D28ED3 /* HomeViewController.swift */; };
		7476E6B426EB9914004F58F4 /* DetailViewModel.swift in Sources */ = {isa = PBXBuildFile; fileRef = 7476E6B326EB9914004F58F4 /* DetailViewModel.swift */; };
		74865B1126EA25CC00C196E8 /* ZoomTransitionDelegate.swift in Sources */ = {isa = PBXBuildFile; fileRef = 74865B1026EA25CC00C196E8 /* ZoomTransitionDelegate.swift */; };
		74865B1326EA262200C196E8 /* DetailViewController.swift in Sources */ = {isa = PBXBuildFile; fileRef = 74865B1226EA262200C196E8 /* DetailViewController.swift */; };
		74865B1926EB562600C196E8 /* FavoritesViewController.swift in Sources */ = {isa = PBXBuildFile; fileRef = 74865B1826EB562600C196E8 /* FavoritesViewController.swift */; };
		74BD951926E9DF9100A942EB /* FooterView.swift in Sources */ = {isa = PBXBuildFile; fileRef = 74BD951826E9DF9100A942EB /* FooterView.swift */; };
		74F8D47426EE2C6300DA090D /* PhotoModel.swift in Sources */ = {isa = PBXBuildFile; fileRef = 74F8D47326EE2C6300DA090D /* PhotoModel.swift */; };
		761714277373C0D11575CF89 /* Pods_CatsSaverTests.framework in Frameworks */ = {isa = PBXBuildFile; fileRef = 7EA71471A733EC0AF5AE5C4C /* Pods_CatsSaverTests.framework */; };
		8A98068B0BE90CF0C08C8586 /* Pods_CatsSaver_CatsSaverUITests.framework in Frameworks */ = {isa = PBXBuildFile; fileRef = 7EDD027A703D54BDA26F32D0 /* Pods_CatsSaver_CatsSaverUITests.framework */; };
		A5057B7926AE4E14BAC970BE /* Pods_CatsSaver.framework in Frameworks */ = {isa = PBXBuildFile; fileRef = 693BEAA95F8F31CC7EC74E3A /* Pods_CatsSaver.framework */; };
/* End PBXBuildFile section */

/* Begin PBXContainerItemProxy section */
		7455618426E7B7B700D28ED3 /* PBXContainerItemProxy */ = {
			isa = PBXContainerItemProxy;
			containerPortal = 7455616526E7B7B700D28ED3 /* Project object */;
			proxyType = 1;
			remoteGlobalIDString = 7455616C26E7B7B700D28ED3;
			remoteInfo = CatsSaver;
		};
		7455618F26E7B7B700D28ED3 /* PBXContainerItemProxy */ = {
			isa = PBXContainerItemProxy;
			containerPortal = 7455616526E7B7B700D28ED3 /* Project object */;
			proxyType = 1;
			remoteGlobalIDString = 7455616C26E7B7B700D28ED3;
			remoteInfo = CatsSaver;
		};
/* End PBXContainerItemProxy section */

/* Begin PBXFileReference section */
		157A7845012744BDEB7C7788 /* Pods-CatsSaverTests.release.xcconfig */ = {isa = PBXFileReference; includeInIndex = 1; lastKnownFileType = text.xcconfig; name = "Pods-CatsSaverTests.release.xcconfig"; path = "Target Support Files/Pods-CatsSaverTests/Pods-CatsSaverTests.release.xcconfig"; sourceTree = "<group>"; };
		229C692D5C65DC07503ED85B /* Pods-CatsSaver-CatsSaverUITests.release.xcconfig */ = {isa = PBXFileReference; includeInIndex = 1; lastKnownFileType = text.xcconfig; name = "Pods-CatsSaver-CatsSaverUITests.release.xcconfig"; path = "Target Support Files/Pods-CatsSaver-CatsSaverUITests/Pods-CatsSaver-CatsSaverUITests.release.xcconfig"; sourceTree = "<group>"; };
		58100C9A2023F6BC07FDE746 /* Pods-CatsSaverTests.debug.xcconfig */ = {isa = PBXFileReference; includeInIndex = 1; lastKnownFileType = text.xcconfig; name = "Pods-CatsSaverTests.debug.xcconfig"; path = "Target Support Files/Pods-CatsSaverTests/Pods-CatsSaverTests.debug.xcconfig"; sourceTree = "<group>"; };
		693BEAA95F8F31CC7EC74E3A /* Pods_CatsSaver.framework */ = {isa = PBXFileReference; explicitFileType = wrapper.framework; includeInIndex = 0; path = Pods_CatsSaver.framework; sourceTree = BUILT_PRODUCTS_DIR; };
		742F040426EF894C00E8CC27 /* CatHeadView.swift */ = {isa = PBXFileReference; lastKnownFileType = sourcecode.swift; path = CatHeadView.swift; sourceTree = "<group>"; };
		742F040626F0AE6900E8CC27 /* RealmManager.swift */ = {isa = PBXFileReference; lastKnownFileType = sourcecode.swift; path = RealmManager.swift; sourceTree = "<group>"; };
		742F040826F122B200E8CC27 /* CatAPI.swift */ = {isa = PBXFileReference; lastKnownFileType = sourcecode.swift; path = CatAPI.swift; sourceTree = "<group>"; };
		742F040C26F132B100E8CC27 /* kitty.png */ = {isa = PBXFileReference; lastKnownFileType = image.png; path = kitty.png; sourceTree = "<group>"; };
		7455616D26E7B7B700D28ED3 /* CatsSaver.app */ = {isa = PBXFileReference; explicitFileType = wrapper.application; includeInIndex = 0; path = CatsSaver.app; sourceTree = BUILT_PRODUCTS_DIR; };
		7455617026E7B7B700D28ED3 /* AppDelegate.swift */ = {isa = PBXFileReference; lastKnownFileType = sourcecode.swift; path = AppDelegate.swift; sourceTree = "<group>"; };
		7455617226E7B7B700D28ED3 /* SceneDelegate.swift */ = {isa = PBXFileReference; lastKnownFileType = sourcecode.swift; path = SceneDelegate.swift; sourceTree = "<group>"; };
		7455617726E7B7B700D28ED3 /* Base */ = {isa = PBXFileReference; lastKnownFileType = file.storyboard; name = Base; path = Base.lproj/Main.storyboard; sourceTree = "<group>"; };
		7455617926E7B7B700D28ED3 /* Assets.xcassets */ = {isa = PBXFileReference; lastKnownFileType = folder.assetcatalog; path = Assets.xcassets; sourceTree = "<group>"; };
		7455617C26E7B7B700D28ED3 /* Base */ = {isa = PBXFileReference; lastKnownFileType = file.storyboard; name = Base; path = Base.lproj/LaunchScreen.storyboard; sourceTree = "<group>"; };
		7455617E26E7B7B700D28ED3 /* Info.plist */ = {isa = PBXFileReference; lastKnownFileType = text.plist.xml; path = Info.plist; sourceTree = "<group>"; };
		7455618326E7B7B700D28ED3 /* CatsSaverTests.xctest */ = {isa = PBXFileReference; explicitFileType = wrapper.cfbundle; includeInIndex = 0; path = CatsSaverTests.xctest; sourceTree = BUILT_PRODUCTS_DIR; };
		7455618726E7B7B700D28ED3 /* CatsSaverTests.swift */ = {isa = PBXFileReference; lastKnownFileType = sourcecode.swift; path = CatsSaverTests.swift; sourceTree = "<group>"; };
		7455618926E7B7B700D28ED3 /* Info.plist */ = {isa = PBXFileReference; lastKnownFileType = text.plist.xml; path = Info.plist; sourceTree = "<group>"; };
		7455618E26E7B7B700D28ED3 /* CatsSaverUITests.xctest */ = {isa = PBXFileReference; explicitFileType = wrapper.cfbundle; includeInIndex = 0; path = CatsSaverUITests.xctest; sourceTree = BUILT_PRODUCTS_DIR; };
		7455619226E7B7B700D28ED3 /* CatsSaverUITests.swift */ = {isa = PBXFileReference; lastKnownFileType = sourcecode.swift; path = CatsSaverUITests.swift; sourceTree = "<group>"; };
		7455619426E7B7B700D28ED3 /* Info.plist */ = {isa = PBXFileReference; lastKnownFileType = text.plist.xml; path = Info.plist; sourceTree = "<group>"; };
		745561AB26E8C2C400D28ED3 /* NetworkManager.swift */ = {isa = PBXFileReference; lastKnownFileType = sourcecode.swift; path = NetworkManager.swift; sourceTree = "<group>"; };
		745561AD26E8C47700D28ED3 /* ParserJSON.swift */ = {isa = PBXFileReference; lastKnownFileType = sourcecode.swift; path = ParserJSON.swift; sourceTree = "<group>"; };
		745561AF26E8D26700D28ED3 /* HomeViewModel.swift */ = {isa = PBXFileReference; lastKnownFileType = sourcecode.swift; path = HomeViewModel.swift; sourceTree = "<group>"; };
		745561B126E8E9BF00D28ED3 /* CatPreviewCell.swift */ = {isa = PBXFileReference; lastKnownFileType = sourcecode.swift; path = CatPreviewCell.swift; sourceTree = "<group>"; };
		745561B626E8EC3400D28ED3 /* HomeViewController.swift */ = {isa = PBXFileReference; lastKnownFileType = sourcecode.swift; path = HomeViewController.swift; sourceTree = "<group>"; };
		7476E6B326EB9914004F58F4 /* DetailViewModel.swift */ = {isa = PBXFileReference; lastKnownFileType = sourcecode.swift; path = DetailViewModel.swift; sourceTree = "<group>"; };
		74865B1026EA25CC00C196E8 /* ZoomTransitionDelegate.swift */ = {isa = PBXFileReference; lastKnownFileType = sourcecode.swift; path = ZoomTransitionDelegate.swift; sourceTree = "<group>"; };
		74865B1226EA262200C196E8 /* DetailViewController.swift */ = {isa = PBXFileReference; lastKnownFileType = sourcecode.swift; path = DetailViewController.swift; sourceTree = "<group>"; };
		74865B1826EB562600C196E8 /* FavoritesViewController.swift */ = {isa = PBXFileReference; lastKnownFileType = sourcecode.swift; path = FavoritesViewController.swift; sourceTree = "<group>"; };
		74BD951826E9DF9100A942EB /* FooterView.swift */ = {isa = PBXFileReference; lastKnownFileType = sourcecode.swift; path = FooterView.swift; sourceTree = "<group>"; };
		74F8D47326EE2C6300DA090D /* PhotoModel.swift */ = {isa = PBXFileReference; fileEncoding = 4; lastKnownFileType = sourcecode.swift; path = PhotoModel.swift; sourceTree = "<group>"; };
		7EA71471A733EC0AF5AE5C4C /* Pods_CatsSaverTests.framework */ = {isa = PBXFileReference; explicitFileType = wrapper.framework; includeInIndex = 0; path = Pods_CatsSaverTests.framework; sourceTree = BUILT_PRODUCTS_DIR; };
		7EDD027A703D54BDA26F32D0 /* Pods_CatsSaver_CatsSaverUITests.framework */ = {isa = PBXFileReference; explicitFileType = wrapper.framework; includeInIndex = 0; path = Pods_CatsSaver_CatsSaverUITests.framework; sourceTree = BUILT_PRODUCTS_DIR; };
		8F845D0C39D762A2C1938F8F /* Pods-CatsSaver.release.xcconfig */ = {isa = PBXFileReference; includeInIndex = 1; lastKnownFileType = text.xcconfig; name = "Pods-CatsSaver.release.xcconfig"; path = "Target Support Files/Pods-CatsSaver/Pods-CatsSaver.release.xcconfig"; sourceTree = "<group>"; };
		D1D0ED23BBB1637D236D93A8 /* Pods-CatsSaver.debug.xcconfig */ = {isa = PBXFileReference; includeInIndex = 1; lastKnownFileType = text.xcconfig; name = "Pods-CatsSaver.debug.xcconfig"; path = "Target Support Files/Pods-CatsSaver/Pods-CatsSaver.debug.xcconfig"; sourceTree = "<group>"; };
		DF6962135EC49F1225E7FCBB /* Pods-CatsSaver-CatsSaverUITests.debug.xcconfig */ = {isa = PBXFileReference; includeInIndex = 1; lastKnownFileType = text.xcconfig; name = "Pods-CatsSaver-CatsSaverUITests.debug.xcconfig"; path = "Target Support Files/Pods-CatsSaver-CatsSaverUITests/Pods-CatsSaver-CatsSaverUITests.debug.xcconfig"; sourceTree = "<group>"; };
/* End PBXFileReference section */

/* Begin PBXFrameworksBuildPhase section */
		7455616A26E7B7B700D28ED3 /* Frameworks */ = {
			isa = PBXFrameworksBuildPhase;
			buildActionMask = 2147483647;
			files = (
				A5057B7926AE4E14BAC970BE /* Pods_CatsSaver.framework in Frameworks */,
			);
			runOnlyForDeploymentPostprocessing = 0;
		};
		7455618026E7B7B700D28ED3 /* Frameworks */ = {
			isa = PBXFrameworksBuildPhase;
			buildActionMask = 2147483647;
			files = (
				761714277373C0D11575CF89 /* Pods_CatsSaverTests.framework in Frameworks */,
			);
			runOnlyForDeploymentPostprocessing = 0;
		};
		7455618B26E7B7B700D28ED3 /* Frameworks */ = {
			isa = PBXFrameworksBuildPhase;
			buildActionMask = 2147483647;
			files = (
				8A98068B0BE90CF0C08C8586 /* Pods_CatsSaver_CatsSaverUITests.framework in Frameworks */,
			);
			runOnlyForDeploymentPostprocessing = 0;
		};
/* End PBXFrameworksBuildPhase section */

/* Begin PBXGroup section */
		304AB8EE445E0A522A57FABE /* Pods */ = {
			isa = PBXGroup;
			children = (
				D1D0ED23BBB1637D236D93A8 /* Pods-CatsSaver.debug.xcconfig */,
				8F845D0C39D762A2C1938F8F /* Pods-CatsSaver.release.xcconfig */,
				DF6962135EC49F1225E7FCBB /* Pods-CatsSaver-CatsSaverUITests.debug.xcconfig */,
				229C692D5C65DC07503ED85B /* Pods-CatsSaver-CatsSaverUITests.release.xcconfig */,
				58100C9A2023F6BC07FDE746 /* Pods-CatsSaverTests.debug.xcconfig */,
				157A7845012744BDEB7C7788 /* Pods-CatsSaverTests.release.xcconfig */,
			);
			path = Pods;
			sourceTree = "<group>";
		};
		742F040A26F1309600E8CC27 /* Storyboards */ = {
			isa = PBXGroup;
			children = (
				7455617626E7B7B700D28ED3 /* Main.storyboard */,
				7455617B26E7B7B700D28ED3 /* LaunchScreen.storyboard */,
			);
			path = Storyboards;
			sourceTree = "<group>";
		};
		742F040B26F130BA00E8CC27 /* Delegates */ = {
			isa = PBXGroup;
			children = (
				7455617026E7B7B700D28ED3 /* AppDelegate.swift */,
				7455617226E7B7B700D28ED3 /* SceneDelegate.swift */,
			);
			path = Delegates;
			sourceTree = "<group>";
		};
		7455616426E7B7B700D28ED3 = {
			isa = PBXGroup;
			children = (
				7455616F26E7B7B700D28ED3 /* CatsSaver */,
				7455618626E7B7B700D28ED3 /* CatsSaverTests */,
				7455619126E7B7B700D28ED3 /* CatsSaverUITests */,
				7455616E26E7B7B700D28ED3 /* Products */,
				304AB8EE445E0A522A57FABE /* Pods */,
				C60989B708267168B2A6E5D9 /* Frameworks */,
			);
			sourceTree = "<group>";
		};
		7455616E26E7B7B700D28ED3 /* Products */ = {
			isa = PBXGroup;
			children = (
				7455616D26E7B7B700D28ED3 /* CatsSaver.app */,
				7455618326E7B7B700D28ED3 /* CatsSaverTests.xctest */,
				7455618E26E7B7B700D28ED3 /* CatsSaverUITests.xctest */,
			);
			name = Products;
			sourceTree = "<group>";
		};
		7455616F26E7B7B700D28ED3 /* CatsSaver */ = {
			isa = PBXGroup;
			children = (
				745561A226E8854900D28ED3 /* Views */,
				745561A126E8854500D28ED3 /* ViewModels */,
				745561A026E8853900D28ED3 /* Models */,
				745561A326E88A1500D28ED3 /* Utilities */,
				74865B0F26EA25C000C196E8 /* Animations */,
				7455617926E7B7B700D28ED3 /* Assets.xcassets */,
				7455617E26E7B7B700D28ED3 /* Info.plist */,
				742F040C26F132B100E8CC27 /* kitty.png */,
			);
			path = CatsSaver;
			sourceTree = "<group>";
		};
		7455618626E7B7B700D28ED3 /* CatsSaverTests */ = {
			isa = PBXGroup;
			children = (
				7455618726E7B7B700D28ED3 /* CatsSaverTests.swift */,
				7455618926E7B7B700D28ED3 /* Info.plist */,
			);
			path = CatsSaverTests;
			sourceTree = "<group>";
		};
		7455619126E7B7B700D28ED3 /* CatsSaverUITests */ = {
			isa = PBXGroup;
			children = (
				7455619226E7B7B700D28ED3 /* CatsSaverUITests.swift */,
				7455619426E7B7B700D28ED3 /* Info.plist */,
			);
			path = CatsSaverUITests;
			sourceTree = "<group>";
		};
		745561A026E8853900D28ED3 /* Models */ = {
			isa = PBXGroup;
			children = (
				74F8D47326EE2C6300DA090D /* PhotoModel.swift */,
			);
			path = Models;
			sourceTree = "<group>";
		};
		745561A126E8854500D28ED3 /* ViewModels */ = {
			isa = PBXGroup;
			children = (
				745561AF26E8D26700D28ED3 /* HomeViewModel.swift */,
				7476E6B326EB9914004F58F4 /* DetailViewModel.swift */,
			);
			path = ViewModels;
			sourceTree = "<group>";
		};
		745561A226E8854900D28ED3 /* Views */ = {
			isa = PBXGroup;
			children = (
				745561B626E8EC3400D28ED3 /* HomeViewController.swift */,
				74865B1826EB562600C196E8 /* FavoritesViewController.swift */,
				74865B1226EA262200C196E8 /* DetailViewController.swift */,
				745561B126E8E9BF00D28ED3 /* CatPreviewCell.swift */,
				74BD951826E9DF9100A942EB /* FooterView.swift */,
				742F040A26F1309600E8CC27 /* Storyboards */,
				742F040B26F130BA00E8CC27 /* Delegates */,
			);
			path = Views;
			sourceTree = "<group>";
		};
		745561A326E88A1500D28ED3 /* Utilities */ = {
			isa = PBXGroup;
			children = (
				745561AB26E8C2C400D28ED3 /* NetworkManager.swift */,
				745561AD26E8C47700D28ED3 /* ParserJSON.swift */,
				742F040626F0AE6900E8CC27 /* RealmManager.swift */,
				742F040826F122B200E8CC27 /* CatAPI.swift */,
			);
			path = Utilities;
			sourceTree = "<group>";
		};
		74865B0F26EA25C000C196E8 /* Animations */ = {
			isa = PBXGroup;
			children = (
				74865B1026EA25CC00C196E8 /* ZoomTransitionDelegate.swift */,
				742F040426EF894C00E8CC27 /* CatHeadView.swift */,
			);
			path = Animations;
			sourceTree = "<group>";
		};
		C60989B708267168B2A6E5D9 /* Frameworks */ = {
			isa = PBXGroup;
			children = (
				693BEAA95F8F31CC7EC74E3A /* Pods_CatsSaver.framework */,
				7EDD027A703D54BDA26F32D0 /* Pods_CatsSaver_CatsSaverUITests.framework */,
				7EA71471A733EC0AF5AE5C4C /* Pods_CatsSaverTests.framework */,
			);
			name = Frameworks;
			sourceTree = "<group>";
		};
/* End PBXGroup section */

/* Begin PBXNativeTarget section */
		7455616C26E7B7B700D28ED3 /* CatsSaver */ = {
			isa = PBXNativeTarget;
			buildConfigurationList = 7455619726E7B7B700D28ED3 /* Build configuration list for PBXNativeTarget "CatsSaver" */;
			buildPhases = (
				83893D53F935B64D37BF2BD7 /* [CP] Check Pods Manifest.lock */,
				7455616926E7B7B700D28ED3 /* Sources */,
				7455616A26E7B7B700D28ED3 /* Frameworks */,
				7455616B26E7B7B700D28ED3 /* Resources */,
				A7F54049CBE444A5900564DC /* [CP] Embed Pods Frameworks */,
			);
			buildRules = (
			);
			dependencies = (
			);
			name = CatsSaver;
			productName = CatsSaver;
			productReference = 7455616D26E7B7B700D28ED3 /* CatsSaver.app */;
			productType = "com.apple.product-type.application";
		};
		7455618226E7B7B700D28ED3 /* CatsSaverTests */ = {
			isa = PBXNativeTarget;
			buildConfigurationList = 7455619A26E7B7B700D28ED3 /* Build configuration list for PBXNativeTarget "CatsSaverTests" */;
			buildPhases = (
				E5198EB607EE154F2066F12B /* [CP] Check Pods Manifest.lock */,
				7455617F26E7B7B700D28ED3 /* Sources */,
				7455618026E7B7B700D28ED3 /* Frameworks */,
				7455618126E7B7B700D28ED3 /* Resources */,
			);
			buildRules = (
			);
			dependencies = (
				7455618526E7B7B700D28ED3 /* PBXTargetDependency */,
			);
			name = CatsSaverTests;
			productName = CatsSaverTests;
			productReference = 7455618326E7B7B700D28ED3 /* CatsSaverTests.xctest */;
			productType = "com.apple.product-type.bundle.unit-test";
		};
		7455618D26E7B7B700D28ED3 /* CatsSaverUITests */ = {
			isa = PBXNativeTarget;
			buildConfigurationList = 7455619D26E7B7B700D28ED3 /* Build configuration list for PBXNativeTarget "CatsSaverUITests" */;
			buildPhases = (
				C24F9555C2EBC9B8F92781A4 /* [CP] Check Pods Manifest.lock */,
				7455618A26E7B7B700D28ED3 /* Sources */,
				7455618B26E7B7B700D28ED3 /* Frameworks */,
				7455618C26E7B7B700D28ED3 /* Resources */,
				86AF8FAF0E2128AE1B74060E /* [CP] Embed Pods Frameworks */,
			);
			buildRules = (
			);
			dependencies = (
				7455619026E7B7B700D28ED3 /* PBXTargetDependency */,
			);
			name = CatsSaverUITests;
			productName = CatsSaverUITests;
			productReference = 7455618E26E7B7B700D28ED3 /* CatsSaverUITests.xctest */;
			productType = "com.apple.product-type.bundle.ui-testing";
		};
/* End PBXNativeTarget section */

/* Begin PBXProject section */
		7455616526E7B7B700D28ED3 /* Project object */ = {
			isa = PBXProject;
			attributes = {
				LastSwiftUpdateCheck = 1250;
				LastUpgradeCheck = 1250;
				TargetAttributes = {
					7455616C26E7B7B700D28ED3 = {
						CreatedOnToolsVersion = 12.5.1;
					};
					7455618226E7B7B700D28ED3 = {
						CreatedOnToolsVersion = 12.5.1;
						TestTargetID = 7455616C26E7B7B700D28ED3;
					};
					7455618D26E7B7B700D28ED3 = {
						CreatedOnToolsVersion = 12.5.1;
						TestTargetID = 7455616C26E7B7B700D28ED3;
					};
				};
			};
			buildConfigurationList = 7455616826E7B7B700D28ED3 /* Build configuration list for PBXProject "CatsSaver" */;
			compatibilityVersion = "Xcode 9.3";
			developmentRegion = en;
			hasScannedForEncodings = 0;
			knownRegions = (
				en,
				Base,
			);
			mainGroup = 7455616426E7B7B700D28ED3;
			productRefGroup = 7455616E26E7B7B700D28ED3 /* Products */;
			projectDirPath = "";
			projectRoot = "";
			targets = (
				7455616C26E7B7B700D28ED3 /* CatsSaver */,
				7455618226E7B7B700D28ED3 /* CatsSaverTests */,
				7455618D26E7B7B700D28ED3 /* CatsSaverUITests */,
			);
		};
/* End PBXProject section */

/* Begin PBXResourcesBuildPhase section */
		7455616B26E7B7B700D28ED3 /* Resources */ = {
			isa = PBXResourcesBuildPhase;
			buildActionMask = 2147483647;
			files = (
				7455617D26E7B7B700D28ED3 /* LaunchScreen.storyboard in Resources */,
				742F040D26F132B100E8CC27 /* kitty.png in Resources */,
				7455617A26E7B7B700D28ED3 /* Assets.xcassets in Resources */,
				7455617826E7B7B700D28ED3 /* Main.storyboard in Resources */,
			);
			runOnlyForDeploymentPostprocessing = 0;
		};
		7455618126E7B7B700D28ED3 /* Resources */ = {
			isa = PBXResourcesBuildPhase;
			buildActionMask = 2147483647;
			files = (
			);
			runOnlyForDeploymentPostprocessing = 0;
		};
		7455618C26E7B7B700D28ED3 /* Resources */ = {
			isa = PBXResourcesBuildPhase;
			buildActionMask = 2147483647;
			files = (
			);
			runOnlyForDeploymentPostprocessing = 0;
		};
/* End PBXResourcesBuildPhase section */

/* Begin PBXShellScriptBuildPhase section */
		83893D53F935B64D37BF2BD7 /* [CP] Check Pods Manifest.lock */ = {
			isa = PBXShellScriptBuildPhase;
			buildActionMask = 2147483647;
			files = (
			);
			inputFileListPaths = (
			);
			inputPaths = (
				"${PODS_PODFILE_DIR_PATH}/Podfile.lock",
				"${PODS_ROOT}/Manifest.lock",
			);
			name = "[CP] Check Pods Manifest.lock";
			outputFileListPaths = (
			);
			outputPaths = (
				"$(DERIVED_FILE_DIR)/Pods-CatsSaver-checkManifestLockResult.txt",
			);
			runOnlyForDeploymentPostprocessing = 0;
			shellPath = /bin/sh;
			shellScript = "diff \"${PODS_PODFILE_DIR_PATH}/Podfile.lock\" \"${PODS_ROOT}/Manifest.lock\" > /dev/null\nif [ $? != 0 ] ; then\n    # print error to STDERR\n    echo \"error: The sandbox is not in sync with the Podfile.lock. Run 'pod install' or update your CocoaPods installation.\" >&2\n    exit 1\nfi\n# This output is used by Xcode 'outputs' to avoid re-running this script phase.\necho \"SUCCESS\" > \"${SCRIPT_OUTPUT_FILE_0}\"\n";
			showEnvVarsInLog = 0;
		};
		86AF8FAF0E2128AE1B74060E /* [CP] Embed Pods Frameworks */ = {
			isa = PBXShellScriptBuildPhase;
			buildActionMask = 2147483647;
			files = (
			);
			inputFileListPaths = (
				"${PODS_ROOT}/Target Support Files/Pods-CatsSaver-CatsSaverUITests/Pods-CatsSaver-CatsSaverUITests-frameworks-${CONFIGURATION}-input-files.xcfilelist",
			);
			name = "[CP] Embed Pods Frameworks";
			outputFileListPaths = (
				"${PODS_ROOT}/Target Support Files/Pods-CatsSaver-CatsSaverUITests/Pods-CatsSaver-CatsSaverUITests-frameworks-${CONFIGURATION}-output-files.xcfilelist",
			);
			runOnlyForDeploymentPostprocessing = 0;
			shellPath = /bin/sh;
			shellScript = "\"${PODS_ROOT}/Target Support Files/Pods-CatsSaver-CatsSaverUITests/Pods-CatsSaver-CatsSaverUITests-frameworks.sh\"\n";
			showEnvVarsInLog = 0;
		};
		A7F54049CBE444A5900564DC /* [CP] Embed Pods Frameworks */ = {
			isa = PBXShellScriptBuildPhase;
			buildActionMask = 2147483647;
			files = (
			);
			inputFileListPaths = (
				"${PODS_ROOT}/Target Support Files/Pods-CatsSaver/Pods-CatsSaver-frameworks-${CONFIGURATION}-input-files.xcfilelist",
			);
			name = "[CP] Embed Pods Frameworks";
			outputFileListPaths = (
				"${PODS_ROOT}/Target Support Files/Pods-CatsSaver/Pods-CatsSaver-frameworks-${CONFIGURATION}-output-files.xcfilelist",
			);
			runOnlyForDeploymentPostprocessing = 0;
			shellPath = /bin/sh;
			shellScript = "\"${PODS_ROOT}/Target Support Files/Pods-CatsSaver/Pods-CatsSaver-frameworks.sh\"\n";
			showEnvVarsInLog = 0;
		};
		C24F9555C2EBC9B8F92781A4 /* [CP] Check Pods Manifest.lock */ = {
			isa = PBXShellScriptBuildPhase;
			buildActionMask = 2147483647;
			files = (
			);
			inputFileListPaths = (
			);
			inputPaths = (
				"${PODS_PODFILE_DIR_PATH}/Podfile.lock",
				"${PODS_ROOT}/Manifest.lock",
			);
			name = "[CP] Check Pods Manifest.lock";
			outputFileListPaths = (
			);
			outputPaths = (
				"$(DERIVED_FILE_DIR)/Pods-CatsSaver-CatsSaverUITests-checkManifestLockResult.txt",
			);
			runOnlyForDeploymentPostprocessing = 0;
			shellPath = /bin/sh;
			shellScript = "diff \"${PODS_PODFILE_DIR_PATH}/Podfile.lock\" \"${PODS_ROOT}/Manifest.lock\" > /dev/null\nif [ $? != 0 ] ; then\n    # print error to STDERR\n    echo \"error: The sandbox is not in sync with the Podfile.lock. Run 'pod install' or update your CocoaPods installation.\" >&2\n    exit 1\nfi\n# This output is used by Xcode 'outputs' to avoid re-running this script phase.\necho \"SUCCESS\" > \"${SCRIPT_OUTPUT_FILE_0}\"\n";
			showEnvVarsInLog = 0;
		};
		E5198EB607EE154F2066F12B /* [CP] Check Pods Manifest.lock */ = {
			isa = PBXShellScriptBuildPhase;
			buildActionMask = 2147483647;
			files = (
			);
			inputFileListPaths = (
			);
			inputPaths = (
				"${PODS_PODFILE_DIR_PATH}/Podfile.lock",
				"${PODS_ROOT}/Manifest.lock",
			);
			name = "[CP] Check Pods Manifest.lock";
			outputFileListPaths = (
			);
			outputPaths = (
				"$(DERIVED_FILE_DIR)/Pods-CatsSaverTests-checkManifestLockResult.txt",
			);
			runOnlyForDeploymentPostprocessing = 0;
			shellPath = /bin/sh;
			shellScript = "diff \"${PODS_PODFILE_DIR_PATH}/Podfile.lock\" \"${PODS_ROOT}/Manifest.lock\" > /dev/null\nif [ $? != 0 ] ; then\n    # print error to STDERR\n    echo \"error: The sandbox is not in sync with the Podfile.lock. Run 'pod install' or update your CocoaPods installation.\" >&2\n    exit 1\nfi\n# This output is used by Xcode 'outputs' to avoid re-running this script phase.\necho \"SUCCESS\" > \"${SCRIPT_OUTPUT_FILE_0}\"\n";
			showEnvVarsInLog = 0;
		};
/* End PBXShellScriptBuildPhase section */

/* Begin PBXSourcesBuildPhase section */
		7455616926E7B7B700D28ED3 /* Sources */ = {
			isa = PBXSourcesBuildPhase;
			buildActionMask = 2147483647;
			files = (
				74865B1126EA25CC00C196E8 /* ZoomTransitionDelegate.swift in Sources */,
				745561AC26E8C2C400D28ED3 /* NetworkManager.swift in Sources */,
				74F8D47426EE2C6300DA090D /* PhotoModel.swift in Sources */,
				745561B026E8D26700D28ED3 /* HomeViewModel.swift in Sources */,
				745561AE26E8C47700D28ED3 /* ParserJSON.swift in Sources */,
				745561B326E8E9BF00D28ED3 /* CatPreviewCell.swift in Sources */,
				7455617126E7B7B700D28ED3 /* AppDelegate.swift in Sources */,
				74BD951926E9DF9100A942EB /* FooterView.swift in Sources */,
				742F040726F0AE6900E8CC27 /* RealmManager.swift in Sources */,
				74865B1326EA262200C196E8 /* DetailViewController.swift in Sources */,
				7476E6B426EB9914004F58F4 /* DetailViewModel.swift in Sources */,
				742F040926F122B200E8CC27 /* CatAPI.swift in Sources */,
				745561B726E8EC3400D28ED3 /* HomeViewController.swift in Sources */,
				74865B1926EB562600C196E8 /* FavoritesViewController.swift in Sources */,
				742F040526EF894C00E8CC27 /* CatHeadView.swift in Sources */,
				7455617326E7B7B700D28ED3 /* SceneDelegate.swift in Sources */,
			);
			runOnlyForDeploymentPostprocessing = 0;
		};
		7455617F26E7B7B700D28ED3 /* Sources */ = {
			isa = PBXSourcesBuildPhase;
			buildActionMask = 2147483647;
			files = (
				7455618826E7B7B700D28ED3 /* CatsSaverTests.swift in Sources */,
			);
			runOnlyForDeploymentPostprocessing = 0;
		};
		7455618A26E7B7B700D28ED3 /* Sources */ = {
			isa = PBXSourcesBuildPhase;
			buildActionMask = 2147483647;
			files = (
				7455619326E7B7B700D28ED3 /* CatsSaverUITests.swift in Sources */,
			);
			runOnlyForDeploymentPostprocessing = 0;
		};
/* End PBXSourcesBuildPhase section */

/* Begin PBXTargetDependency section */
		7455618526E7B7B700D28ED3 /* PBXTargetDependency */ = {
			isa = PBXTargetDependency;
			target = 7455616C26E7B7B700D28ED3 /* CatsSaver */;
			targetProxy = 7455618426E7B7B700D28ED3 /* PBXContainerItemProxy */;
		};
		7455619026E7B7B700D28ED3 /* PBXTargetDependency */ = {
			isa = PBXTargetDependency;
			target = 7455616C26E7B7B700D28ED3 /* CatsSaver */;
			targetProxy = 7455618F26E7B7B700D28ED3 /* PBXContainerItemProxy */;
		};
/* End PBXTargetDependency section */

/* Begin PBXVariantGroup section */
		7455617626E7B7B700D28ED3 /* Main.storyboard */ = {
			isa = PBXVariantGroup;
			children = (
				7455617726E7B7B700D28ED3 /* Base */,
			);
			name = Main.storyboard;
			sourceTree = "<group>";
		};
		7455617B26E7B7B700D28ED3 /* LaunchScreen.storyboard */ = {
			isa = PBXVariantGroup;
			children = (
				7455617C26E7B7B700D28ED3 /* Base */,
			);
			name = LaunchScreen.storyboard;
			sourceTree = "<group>";
		};
/* End PBXVariantGroup section */

/* Begin XCBuildConfiguration section */
		7455619526E7B7B700D28ED3 /* Debug */ = {
			isa = XCBuildConfiguration;
			buildSettings = {
				ALWAYS_SEARCH_USER_PATHS = NO;
				CLANG_ANALYZER_NONNULL = YES;
				CLANG_ANALYZER_NUMBER_OBJECT_CONVERSION = YES_AGGRESSIVE;
				CLANG_CXX_LANGUAGE_STANDARD = "gnu++14";
				CLANG_CXX_LIBRARY = "libc++";
				CLANG_ENABLE_MODULES = YES;
				CLANG_ENABLE_OBJC_ARC = YES;
				CLANG_ENABLE_OBJC_WEAK = YES;
				CLANG_WARN_BLOCK_CAPTURE_AUTORELEASING = YES;
				CLANG_WARN_BOOL_CONVERSION = YES;
				CLANG_WARN_COMMA = YES;
				CLANG_WARN_CONSTANT_CONVERSION = YES;
				CLANG_WARN_DEPRECATED_OBJC_IMPLEMENTATIONS = YES;
				CLANG_WARN_DIRECT_OBJC_ISA_USAGE = YES_ERROR;
				CLANG_WARN_DOCUMENTATION_COMMENTS = YES;
				CLANG_WARN_EMPTY_BODY = YES;
				CLANG_WARN_ENUM_CONVERSION = YES;
				CLANG_WARN_INFINITE_RECURSION = YES;
				CLANG_WARN_INT_CONVERSION = YES;
				CLANG_WARN_NON_LITERAL_NULL_CONVERSION = YES;
				CLANG_WARN_OBJC_IMPLICIT_RETAIN_SELF = YES;
				CLANG_WARN_OBJC_LITERAL_CONVERSION = YES;
				CLANG_WARN_OBJC_ROOT_CLASS = YES_ERROR;
				CLANG_WARN_QUOTED_INCLUDE_IN_FRAMEWORK_HEADER = YES;
				CLANG_WARN_RANGE_LOOP_ANALYSIS = YES;
				CLANG_WARN_STRICT_PROTOTYPES = YES;
				CLANG_WARN_SUSPICIOUS_MOVE = YES;
				CLANG_WARN_UNGUARDED_AVAILABILITY = YES_AGGRESSIVE;
				CLANG_WARN_UNREACHABLE_CODE = YES;
				CLANG_WARN__DUPLICATE_METHOD_MATCH = YES;
				COPY_PHASE_STRIP = NO;
				DEBUG_INFORMATION_FORMAT = dwarf;
				ENABLE_STRICT_OBJC_MSGSEND = YES;
				ENABLE_TESTABILITY = YES;
				GCC_C_LANGUAGE_STANDARD = gnu11;
				GCC_DYNAMIC_NO_PIC = NO;
				GCC_NO_COMMON_BLOCKS = YES;
				GCC_OPTIMIZATION_LEVEL = 0;
				GCC_PREPROCESSOR_DEFINITIONS = (
					"DEBUG=1",
					"$(inherited)",
				);
				GCC_WARN_64_TO_32_BIT_CONVERSION = YES;
				GCC_WARN_ABOUT_RETURN_TYPE = YES_ERROR;
				GCC_WARN_UNDECLARED_SELECTOR = YES;
				GCC_WARN_UNINITIALIZED_AUTOS = YES_AGGRESSIVE;
				GCC_WARN_UNUSED_FUNCTION = YES;
				GCC_WARN_UNUSED_VARIABLE = YES;
				IPHONEOS_DEPLOYMENT_TARGET = 14.5;
				MTL_ENABLE_DEBUG_INFO = INCLUDE_SOURCE;
				MTL_FAST_MATH = YES;
				ONLY_ACTIVE_ARCH = YES;
				SDKROOT = iphoneos;
				SWIFT_ACTIVE_COMPILATION_CONDITIONS = DEBUG;
				SWIFT_OPTIMIZATION_LEVEL = "-Onone";
			};
			name = Debug;
		};
		7455619626E7B7B700D28ED3 /* Release */ = {
			isa = XCBuildConfiguration;
			buildSettings = {
				ALWAYS_SEARCH_USER_PATHS = NO;
				CLANG_ANALYZER_NONNULL = YES;
				CLANG_ANALYZER_NUMBER_OBJECT_CONVERSION = YES_AGGRESSIVE;
				CLANG_CXX_LANGUAGE_STANDARD = "gnu++14";
				CLANG_CXX_LIBRARY = "libc++";
				CLANG_ENABLE_MODULES = YES;
				CLANG_ENABLE_OBJC_ARC = YES;
				CLANG_ENABLE_OBJC_WEAK = YES;
				CLANG_WARN_BLOCK_CAPTURE_AUTORELEASING = YES;
				CLANG_WARN_BOOL_CONVERSION = YES;
				CLANG_WARN_COMMA = YES;
				CLANG_WARN_CONSTANT_CONVERSION = YES;
				CLANG_WARN_DEPRECATED_OBJC_IMPLEMENTATIONS = YES;
				CLANG_WARN_DIRECT_OBJC_ISA_USAGE = YES_ERROR;
				CLANG_WARN_DOCUMENTATION_COMMENTS = YES;
				CLANG_WARN_EMPTY_BODY = YES;
				CLANG_WARN_ENUM_CONVERSION = YES;
				CLANG_WARN_INFINITE_RECURSION = YES;
				CLANG_WARN_INT_CONVERSION = YES;
				CLANG_WARN_NON_LITERAL_NULL_CONVERSION = YES;
				CLANG_WARN_OBJC_IMPLICIT_RETAIN_SELF = YES;
				CLANG_WARN_OBJC_LITERAL_CONVERSION = YES;
				CLANG_WARN_OBJC_ROOT_CLASS = YES_ERROR;
				CLANG_WARN_QUOTED_INCLUDE_IN_FRAMEWORK_HEADER = YES;
				CLANG_WARN_RANGE_LOOP_ANALYSIS = YES;
				CLANG_WARN_STRICT_PROTOTYPES = YES;
				CLANG_WARN_SUSPICIOUS_MOVE = YES;
				CLANG_WARN_UNGUARDED_AVAILABILITY = YES_AGGRESSIVE;
				CLANG_WARN_UNREACHABLE_CODE = YES;
				CLANG_WARN__DUPLICATE_METHOD_MATCH = YES;
				COPY_PHASE_STRIP = NO;
				DEBUG_INFORMATION_FORMAT = "dwarf-with-dsym";
				ENABLE_NS_ASSERTIONS = NO;
				ENABLE_STRICT_OBJC_MSGSEND = YES;
				GCC_C_LANGUAGE_STANDARD = gnu11;
				GCC_NO_COMMON_BLOCKS = YES;
				GCC_WARN_64_TO_32_BIT_CONVERSION = YES;
				GCC_WARN_ABOUT_RETURN_TYPE = YES_ERROR;
				GCC_WARN_UNDECLARED_SELECTOR = YES;
				GCC_WARN_UNINITIALIZED_AUTOS = YES_AGGRESSIVE;
				GCC_WARN_UNUSED_FUNCTION = YES;
				GCC_WARN_UNUSED_VARIABLE = YES;
				IPHONEOS_DEPLOYMENT_TARGET = 14.5;
				MTL_ENABLE_DEBUG_INFO = NO;
				MTL_FAST_MATH = YES;
				SDKROOT = iphoneos;
				SWIFT_COMPILATION_MODE = wholemodule;
				SWIFT_OPTIMIZATION_LEVEL = "-O";
				VALIDATE_PRODUCT = YES;
			};
			name = Release;
		};
		7455619826E7B7B700D28ED3 /* Debug */ = {
			isa = XCBuildConfiguration;
			baseConfigurationReference = D1D0ED23BBB1637D236D93A8 /* Pods-CatsSaver.debug.xcconfig */;
			buildSettings = {
				ASSETCATALOG_COMPILER_APPICON_NAME = AppIcon;
				ASSETCATALOG_COMPILER_GLOBAL_ACCENT_COLOR_NAME = AccentColor;
				CODE_SIGN_STYLE = Automatic;
				DEVELOPMENT_TEAM = 49B53529R9;
				INFOPLIST_FILE = CatsSaver/Info.plist;
				LD_RUNPATH_SEARCH_PATHS = (
					"$(inherited)",
					"@executable_path/Frameworks",
				);
				PRODUCT_BUNDLE_IDENTIFIER = LaCost765.CatsSaver;
				PRODUCT_NAME = "$(TARGET_NAME)";
				SWIFT_VERSION = 5.0;
				TARGETED_DEVICE_FAMILY = "1,2";
			};
			name = Debug;
		};
		7455619926E7B7B700D28ED3 /* Release */ = {
			isa = XCBuildConfiguration;
			baseConfigurationReference = 8F845D0C39D762A2C1938F8F /* Pods-CatsSaver.release.xcconfig */;
			buildSettings = {
				ASSETCATALOG_COMPILER_APPICON_NAME = AppIcon;
				ASSETCATALOG_COMPILER_GLOBAL_ACCENT_COLOR_NAME = AccentColor;
				CODE_SIGN_STYLE = Automatic;
				DEVELOPMENT_TEAM = 49B53529R9;
				INFOPLIST_FILE = CatsSaver/Info.plist;
				LD_RUNPATH_SEARCH_PATHS = (
					"$(inherited)",
					"@executable_path/Frameworks",
				);
				PRODUCT_BUNDLE_IDENTIFIER = LaCost765.CatsSaver;
				PRODUCT_NAME = "$(TARGET_NAME)";
				SWIFT_VERSION = 5.0;
				TARGETED_DEVICE_FAMILY = "1,2";
			};
			name = Release;
		};
		7455619B26E7B7B700D28ED3 /* Debug */ = {
			isa = XCBuildConfiguration;
			baseConfigurationReference = 58100C9A2023F6BC07FDE746 /* Pods-CatsSaverTests.debug.xcconfig */;
			buildSettings = {
				ALWAYS_EMBED_SWIFT_STANDARD_LIBRARIES = YES;
				BUNDLE_LOADER = "$(TEST_HOST)";
				CODE_SIGN_STYLE = Automatic;
				DEVELOPMENT_TEAM = 49B53529R9;
				INFOPLIST_FILE = CatsSaverTests/Info.plist;
				IPHONEOS_DEPLOYMENT_TARGET = 14.5;
				LD_RUNPATH_SEARCH_PATHS = (
					"$(inherited)",
					"@executable_path/Frameworks",
					"@loader_path/Frameworks",
				);
				PRODUCT_BUNDLE_IDENTIFIER = LaCost765.CatsSaverTests;
				PRODUCT_NAME = "$(TARGET_NAME)";
				SWIFT_VERSION = 5.0;
				TARGETED_DEVICE_FAMILY = "1,2";
				TEST_HOST = "$(BUILT_PRODUCTS_DIR)/CatsSaver.app/CatsSaver";
			};
			name = Debug;
		};
		7455619C26E7B7B700D28ED3 /* Release */ = {
			isa = XCBuildConfiguration;
			baseConfigurationReference = 157A7845012744BDEB7C7788 /* Pods-CatsSaverTests.release.xcconfig */;
			buildSettings = {
				ALWAYS_EMBED_SWIFT_STANDARD_LIBRARIES = YES;
				BUNDLE_LOADER = "$(TEST_HOST)";
				CODE_SIGN_STYLE = Automatic;
				DEVELOPMENT_TEAM = 49B53529R9;
				INFOPLIST_FILE = CatsSaverTests/Info.plist;
				IPHONEOS_DEPLOYMENT_TARGET = 14.5;
				LD_RUNPATH_SEARCH_PATHS = (
					"$(inherited)",
					"@executable_path/Frameworks",
					"@loader_path/Frameworks",
				);
				PRODUCT_BUNDLE_IDENTIFIER = LaCost765.CatsSaverTests;
				PRODUCT_NAME = "$(TARGET_NAME)";
				SWIFT_VERSION = 5.0;
				TARGETED_DEVICE_FAMILY = "1,2";
				TEST_HOST = "$(BUILT_PRODUCTS_DIR)/CatsSaver.app/CatsSaver";
			};
			name = Release;
		};
		7455619E26E7B7B700D28ED3 /* Debug */ = {
			isa = XCBuildConfiguration;
			baseConfigurationReference = DF6962135EC49F1225E7FCBB /* Pods-CatsSaver-CatsSaverUITests.debug.xcconfig */;
			buildSettings = {
				ALWAYS_EMBED_SWIFT_STANDARD_LIBRARIES = YES;
				CODE_SIGN_STYLE = Automatic;
				DEVELOPMENT_TEAM = 49B53529R9;
				INFOPLIST_FILE = CatsSaverUITests/Info.plist;
				LD_RUNPATH_SEARCH_PATHS = (
					"$(inherited)",
					"@executable_path/Frameworks",
					"@loader_path/Frameworks",
				);
				PRODUCT_BUNDLE_IDENTIFIER = LaCost765.CatsSaverUITests;
				PRODUCT_NAME = "$(TARGET_NAME)";
				SWIFT_VERSION = 5.0;
				TARGETED_DEVICE_FAMILY = "1,2";
				TEST_TARGET_NAME = CatsSaver;
			};
			name = Debug;
		};
		7455619F26E7B7B700D28ED3 /* Release */ = {
			isa = XCBuildConfiguration;
			baseConfigurationReference = 229C692D5C65DC07503ED85B /* Pods-CatsSaver-CatsSaverUITests.release.xcconfig */;
			buildSettings = {
				ALWAYS_EMBED_SWIFT_STANDARD_LIBRARIES = YES;
				CODE_SIGN_STYLE = Automatic;
				DEVELOPMENT_TEAM = 49B53529R9;
				INFOPLIST_FILE = CatsSaverUITests/Info.plist;
				LD_RUNPATH_SEARCH_PATHS = (
					"$(inherited)",
					"@executable_path/Frameworks",
					"@loader_path/Frameworks",
				);
				PRODUCT_BUNDLE_IDENTIFIER = LaCost765.CatsSaverUITests;
				PRODUCT_NAME = "$(TARGET_NAME)";
				SWIFT_VERSION = 5.0;
				TARGETED_DEVICE_FAMILY = "1,2";
				TEST_TARGET_NAME = CatsSaver;
			};
			name = Release;
		};
/* End XCBuildConfiguration section */

/* Begin XCConfigurationList section */
		7455616826E7B7B700D28ED3 /* Build configuration list for PBXProject "CatsSaver" */ = {
			isa = XCConfigurationList;
			buildConfigurations = (
				7455619526E7B7B700D28ED3 /* Debug */,
				7455619626E7B7B700D28ED3 /* Release */,
			);
			defaultConfigurationIsVisible = 0;
			defaultConfigurationName = Release;
		};
		7455619726E7B7B700D28ED3 /* Build configuration list for PBXNativeTarget "CatsSaver" */ = {
			isa = XCConfigurationList;
			buildConfigurations = (
				7455619826E7B7B700D28ED3 /* Debug */,
				7455619926E7B7B700D28ED3 /* Release */,
			);
			defaultConfigurationIsVisible = 0;
			defaultConfigurationName = Release;
		};
		7455619A26E7B7B700D28ED3 /* Build configuration list for PBXNativeTarget "CatsSaverTests" */ = {
			isa = XCConfigurationList;
			buildConfigurations = (
				7455619B26E7B7B700D28ED3 /* Debug */,
				7455619C26E7B7B700D28ED3 /* Release */,
			);
			defaultConfigurationIsVisible = 0;
			defaultConfigurationName = Release;
		};
		7455619D26E7B7B700D28ED3 /* Build configuration list for PBXNativeTarget "CatsSaverUITests" */ = {
			isa = XCConfigurationList;
			buildConfigurations = (
				7455619E26E7B7B700D28ED3 /* Debug */,
				7455619F26E7B7B700D28ED3 /* Release */,
			);
			defaultConfigurationIsVisible = 0;
			defaultConfigurationName = Release;
		};
/* End XCConfigurationList section */
	};
	rootObject = 7455616526E7B7B700D28ED3 /* Project object */;
}
